// !$*UTF8*$!
{
	archiveVersion = 1;
	classes = {
	};
	objectVersion = 50;
	objects = {

/* Begin PBXBuildFile section */
		63184C9823816734004C2781 /* CourseViewController.swift in Sources */ = {isa = PBXBuildFile; fileRef = 63184C9723816734004C2781 /* CourseViewController.swift */; };
		631C121823831E2D00101A67 /* Quiz.storyboard in Resources */ = {isa = PBXBuildFile; fileRef = 631C121723831E2D00101A67 /* Quiz.storyboard */; };
		636EFE8F2385D61100499A02 /* Quiz.swift in Sources */ = {isa = PBXBuildFile; fileRef = 636EFE8E2385D61100499A02 /* Quiz.swift */; };
		636EFE912385D69000499A02 /* Question.swift in Sources */ = {isa = PBXBuildFile; fileRef = 636EFE902385D69000499A02 /* Question.swift */; };
		6394B00A2383215300229B8B /* Profile.storyboard in Resources */ = {isa = PBXBuildFile; fileRef = 6394B0092383215300229B8B /* Profile.storyboard */; };
		63A3ED71238318CE000C8152 /* ProfileViewController.swift in Sources */ = {isa = PBXBuildFile; fileRef = 63A3ED70238318CE000C8152 /* ProfileViewController.swift */; };
		63C2ACCF239A562F00C2437C /* AppData.swift in Sources */ = {isa = PBXBuildFile; fileRef = 63C2ACCE239A562F00C2437C /* AppData.swift */; };
		63C2ACD3239C0EDD00C2437C /* StartViewController.swift in Sources */ = {isa = PBXBuildFile; fileRef = 63C2ACD2239C0EDD00C2437C /* StartViewController.swift */; };
		63CA15F1237EDF6B008DBC88 /* AppDelegate.swift in Sources */ = {isa = PBXBuildFile; fileRef = 63CA15F0237EDF6B008DBC88 /* AppDelegate.swift */; };
		63CA15F3237EDF6B008DBC88 /* SceneDelegate.swift in Sources */ = {isa = PBXBuildFile; fileRef = 63CA15F2237EDF6B008DBC88 /* SceneDelegate.swift */; };
		63CA15F8237EDF6B008DBC88 /* Main.storyboard in Resources */ = {isa = PBXBuildFile; fileRef = 63CA15F6237EDF6B008DBC88 /* Main.storyboard */; };
		63CA15FA237EDF6F008DBC88 /* Assets.xcassets in Resources */ = {isa = PBXBuildFile; fileRef = 63CA15F9237EDF6F008DBC88 /* Assets.xcassets */; };
		63CA15FD237EDF6F008DBC88 /* LaunchScreen.storyboard in Resources */ = {isa = PBXBuildFile; fileRef = 63CA15FB237EDF6F008DBC88 /* LaunchScreen.storyboard */; };
		63CA1605237EEE7F008DBC88 /* QuestionViewController.swift in Sources */ = {isa = PBXBuildFile; fileRef = 63CA1604237EEE7F008DBC88 /* QuestionViewController.swift */; };
		63CA1607237F314D008DBC88 /* BookViewController.swift in Sources */ = {isa = PBXBuildFile; fileRef = 63CA1606237F314D008DBC88 /* BookViewController.swift */; };
		63CA1609237F33C2008DBC88 /* Book.swift in Sources */ = {isa = PBXBuildFile; fileRef = 63CA1608237F33C2008DBC88 /* Book.swift */; };
		63CA161123800471008DBC88 /* CoursesTableViewController.swift in Sources */ = {isa = PBXBuildFile; fileRef = 63CA161023800471008DBC88 /* CoursesTableViewController.swift */; };
		63CA161323800827008DBC88 /* Course.swift in Sources */ = {isa = PBXBuildFile; fileRef = 63CA161223800827008DBC88 /* Course.swift */; };
		63D1302C2396A6C6008749FB /* CustomNavigationBar.swift in Sources */ = {isa = PBXBuildFile; fileRef = 63D1302B2396A6C6008749FB /* CustomNavigationBar.swift */; };
		7859D77D239BEB9F00DB96D2 /* study_quizTests.swift in Sources */ = {isa = PBXBuildFile; fileRef = 7859D77C239BEB9F00DB96D2 /* study_quizTests.swift */; };
		788DC18F23982A2D00340CF9 /* ProgressCircle.swift in Sources */ = {isa = PBXBuildFile; fileRef = 788DC18E23982A2D00340CF9 /* ProgressCircle.swift */; };
		A01B707E2392BFE80089B80A /* data.json in Resources */ = {isa = PBXBuildFile; fileRef = A01B707D2392BFE70089B80A /* data.json */; };
		A06D3B7B23914DDB00CF286A /* CustomButton.swift in Sources */ = {isa = PBXBuildFile; fileRef = A06D3B7A23914DDB00CF286A /* CustomButton.swift */; };
		A0ADC1922393ECAD00E69AEE /* CustomProgressBar.swift in Sources */ = {isa = PBXBuildFile; fileRef = A0ADC1912393ECAD00E69AEE /* CustomProgressBar.swift */; };
		A0ADC1942393F4C400E69AEE /* coverUIImageView.swift in Sources */ = {isa = PBXBuildFile; fileRef = A0ADC1932393F4C400E69AEE /* coverUIImageView.swift */; };
		FE6B7AEC2392A4B1001488DB /* QuestionFeedbackPopUpViewController.swift in Sources */ = {isa = PBXBuildFile; fileRef = FE6B7AEB2392A4B1001488DB /* QuestionFeedbackPopUpViewController.swift */; };
		FE6B7AEE2392A52D001488DB /* QuizFeedbackViewController.swift in Sources */ = {isa = PBXBuildFile; fileRef = FE6B7AED2392A52D001488DB /* QuizFeedbackViewController.swift */; };
/* End PBXBuildFile section */

/* Begin PBXContainerItemProxy section */
		7859D77F239BEB9F00DB96D2 /* PBXContainerItemProxy */ = {
			isa = PBXContainerItemProxy;
			containerPortal = 63CA15E5237EDF6B008DBC88 /* Project object */;
			proxyType = 1;
			remoteGlobalIDString = 63CA15EC237EDF6B008DBC88;
			remoteInfo = "study-quiz";
		};
/* End PBXContainerItemProxy section */

/* Begin PBXFileReference section */
		63184C9723816734004C2781 /* CourseViewController.swift */ = {isa = PBXFileReference; lastKnownFileType = sourcecode.swift; path = CourseViewController.swift; sourceTree = "<group>"; };
		631C121723831E2D00101A67 /* Quiz.storyboard */ = {isa = PBXFileReference; lastKnownFileType = file.storyboard; path = Quiz.storyboard; sourceTree = "<group>"; };
		636EFE8E2385D61100499A02 /* Quiz.swift */ = {isa = PBXFileReference; lastKnownFileType = sourcecode.swift; path = Quiz.swift; sourceTree = "<group>"; };
		636EFE902385D69000499A02 /* Question.swift */ = {isa = PBXFileReference; lastKnownFileType = sourcecode.swift; path = Question.swift; sourceTree = "<group>"; };
		6394B0092383215300229B8B /* Profile.storyboard */ = {isa = PBXFileReference; lastKnownFileType = file.storyboard; path = Profile.storyboard; sourceTree = "<group>"; };
		63A3ED70238318CE000C8152 /* ProfileViewController.swift */ = {isa = PBXFileReference; lastKnownFileType = sourcecode.swift; path = ProfileViewController.swift; sourceTree = "<group>"; };
		63C2ACCE239A562F00C2437C /* AppData.swift */ = {isa = PBXFileReference; lastKnownFileType = sourcecode.swift; path = AppData.swift; sourceTree = "<group>"; };
		63C2ACD2239C0EDD00C2437C /* StartViewController.swift */ = {isa = PBXFileReference; lastKnownFileType = sourcecode.swift; path = StartViewController.swift; sourceTree = "<group>"; };
		63CA15ED237EDF6B008DBC88 /* study-quiz.app */ = {isa = PBXFileReference; explicitFileType = wrapper.application; includeInIndex = 0; path = "study-quiz.app"; sourceTree = BUILT_PRODUCTS_DIR; };
		63CA15F0237EDF6B008DBC88 /* AppDelegate.swift */ = {isa = PBXFileReference; lastKnownFileType = sourcecode.swift; path = AppDelegate.swift; sourceTree = "<group>"; };
		63CA15F2237EDF6B008DBC88 /* SceneDelegate.swift */ = {isa = PBXFileReference; lastKnownFileType = sourcecode.swift; path = SceneDelegate.swift; sourceTree = "<group>"; };
		63CA15F7237EDF6B008DBC88 /* Base */ = {isa = PBXFileReference; lastKnownFileType = file.storyboard; name = Base; path = Base.lproj/Main.storyboard; sourceTree = "<group>"; };
		63CA15F9237EDF6F008DBC88 /* Assets.xcassets */ = {isa = PBXFileReference; lastKnownFileType = folder.assetcatalog; path = Assets.xcassets; sourceTree = "<group>"; };
		63CA15FC237EDF6F008DBC88 /* Base */ = {isa = PBXFileReference; lastKnownFileType = file.storyboard; name = Base; path = Base.lproj/LaunchScreen.storyboard; sourceTree = "<group>"; };
		63CA15FE237EDF6F008DBC88 /* Info.plist */ = {isa = PBXFileReference; lastKnownFileType = text.plist.xml; path = Info.plist; sourceTree = "<group>"; };
		63CA1604237EEE7F008DBC88 /* QuestionViewController.swift */ = {isa = PBXFileReference; lastKnownFileType = sourcecode.swift; path = QuestionViewController.swift; sourceTree = "<group>"; };
		63CA1606237F314D008DBC88 /* BookViewController.swift */ = {isa = PBXFileReference; lastKnownFileType = sourcecode.swift; path = BookViewController.swift; sourceTree = "<group>"; };
		63CA1608237F33C2008DBC88 /* Book.swift */ = {isa = PBXFileReference; lastKnownFileType = sourcecode.swift; path = Book.swift; sourceTree = "<group>"; };
		63CA161023800471008DBC88 /* CoursesTableViewController.swift */ = {isa = PBXFileReference; lastKnownFileType = sourcecode.swift; path = CoursesTableViewController.swift; sourceTree = "<group>"; };
		63CA161223800827008DBC88 /* Course.swift */ = {isa = PBXFileReference; lastKnownFileType = sourcecode.swift; path = Course.swift; sourceTree = "<group>"; };
		63D1302B2396A6C6008749FB /* CustomNavigationBar.swift */ = {isa = PBXFileReference; lastKnownFileType = sourcecode.swift; path = CustomNavigationBar.swift; sourceTree = "<group>"; };
		7859D77A239BEB9F00DB96D2 /* study-quizTests.xctest */ = {isa = PBXFileReference; explicitFileType = wrapper.cfbundle; includeInIndex = 0; path = "study-quizTests.xctest"; sourceTree = BUILT_PRODUCTS_DIR; };
		7859D77C239BEB9F00DB96D2 /* study_quizTests.swift */ = {isa = PBXFileReference; lastKnownFileType = sourcecode.swift; path = study_quizTests.swift; sourceTree = "<group>"; };
		7859D77E239BEB9F00DB96D2 /* Info.plist */ = {isa = PBXFileReference; lastKnownFileType = text.plist.xml; path = Info.plist; sourceTree = "<group>"; };
		788DC18E23982A2D00340CF9 /* ProgressCircle.swift */ = {isa = PBXFileReference; lastKnownFileType = sourcecode.swift; path = ProgressCircle.swift; sourceTree = "<group>"; };
		A01B707D2392BFE70089B80A /* data.json */ = {isa = PBXFileReference; fileEncoding = 4; lastKnownFileType = text.json; path = data.json; sourceTree = "<group>"; };
		A06D3B7A23914DDB00CF286A /* CustomButton.swift */ = {isa = PBXFileReference; lastKnownFileType = sourcecode.swift; path = CustomButton.swift; sourceTree = "<group>"; };
		A0ADC1912393ECAD00E69AEE /* CustomProgressBar.swift */ = {isa = PBXFileReference; lastKnownFileType = sourcecode.swift; path = CustomProgressBar.swift; sourceTree = "<group>"; };
		A0ADC1932393F4C400E69AEE /* coverUIImageView.swift */ = {isa = PBXFileReference; lastKnownFileType = sourcecode.swift; path = coverUIImageView.swift; sourceTree = "<group>"; };
		FE6B7AEB2392A4B1001488DB /* QuestionFeedbackPopUpViewController.swift */ = {isa = PBXFileReference; lastKnownFileType = sourcecode.swift; path = QuestionFeedbackPopUpViewController.swift; sourceTree = "<group>"; };
		FE6B7AED2392A52D001488DB /* QuizFeedbackViewController.swift */ = {isa = PBXFileReference; lastKnownFileType = sourcecode.swift; path = QuizFeedbackViewController.swift; sourceTree = "<group>"; };
/* End PBXFileReference section */

/* Begin PBXFrameworksBuildPhase section */
		63CA15EA237EDF6B008DBC88 /* Frameworks */ = {
			isa = PBXFrameworksBuildPhase;
			buildActionMask = 2147483647;
			files = (
			);
			runOnlyForDeploymentPostprocessing = 0;
		};
		7859D777239BEB9F00DB96D2 /* Frameworks */ = {
			isa = PBXFrameworksBuildPhase;
			buildActionMask = 2147483647;
			files = (
			);
			runOnlyForDeploymentPostprocessing = 0;
		};
/* End PBXFrameworksBuildPhase section */

/* Begin PBXGroup section */
		63CA15E4237EDF6B008DBC88 = {
			isa = PBXGroup;
			children = (
				63CA15EF237EDF6B008DBC88 /* study-quiz */,
				7859D77B239BEB9F00DB96D2 /* study-quizTests */,
				63CA15EE237EDF6B008DBC88 /* Products */,
			);
			sourceTree = "<group>";
		};
		63CA15EE237EDF6B008DBC88 /* Products */ = {
			isa = PBXGroup;
			children = (
				63CA15ED237EDF6B008DBC88 /* study-quiz.app */,
				7859D77A239BEB9F00DB96D2 /* study-quizTests.xctest */,
			);
			name = Products;
			sourceTree = "<group>";
		};
		63CA15EF237EDF6B008DBC88 /* study-quiz */ = {
			isa = PBXGroup;
			children = (
				FE99FDE82392CADA007BA8D2 /* Model */,
				FE99FDE72392CA73007BA8D2 /* View */,
				FE99FDE62392CA37007BA8D2 /* Controller */,
				FE99FDE92392CB42007BA8D2 /* JsonLoader */,
				FE99FDEA2392CBB3007BA8D2 /* CustomUI */,
				63CA15F9237EDF6F008DBC88 /* Assets.xcassets */,
				63CA15FE237EDF6F008DBC88 /* Info.plist */,
				63CA15F2237EDF6B008DBC88 /* SceneDelegate.swift */,
				63CA15F0237EDF6B008DBC88 /* AppDelegate.swift */,
			);
			path = "study-quiz";
			sourceTree = "<group>";
		};
		7859D77B239BEB9F00DB96D2 /* study-quizTests */ = {
			isa = PBXGroup;
			children = (
				7859D77C239BEB9F00DB96D2 /* study_quizTests.swift */,
				7859D77E239BEB9F00DB96D2 /* Info.plist */,
			);
			path = "study-quizTests";
			sourceTree = "<group>";
		};
		FE99FDE62392CA37007BA8D2 /* Controller */ = {
			isa = PBXGroup;
			children = (
				63C2ACD2239C0EDD00C2437C /* StartViewController.swift */,
				63CA161023800471008DBC88 /* CoursesTableViewController.swift */,
				63184C9723816734004C2781 /* CourseViewController.swift */,
				63CA1606237F314D008DBC88 /* BookViewController.swift */,
				63CA1604237EEE7F008DBC88 /* QuestionViewController.swift */,
				FE6B7AEB2392A4B1001488DB /* QuestionFeedbackPopUpViewController.swift */,
				FE6B7AED2392A52D001488DB /* QuizFeedbackViewController.swift */,
				63A3ED70238318CE000C8152 /* ProfileViewController.swift */,
			);
			path = Controller;
			sourceTree = "<group>";
		};
		FE99FDE72392CA73007BA8D2 /* View */ = {
			isa = PBXGroup;
			children = (
				631C121723831E2D00101A67 /* Quiz.storyboard */,
				63CA15F6237EDF6B008DBC88 /* Main.storyboard */,
				6394B0092383215300229B8B /* Profile.storyboard */,
				63CA15FB237EDF6F008DBC88 /* LaunchScreen.storyboard */,
			);
			path = View;
			sourceTree = "<group>";
		};
		FE99FDE82392CADA007BA8D2 /* Model */ = {
			isa = PBXGroup;
			children = (
				63CA161223800827008DBC88 /* Course.swift */,
				63CA1608237F33C2008DBC88 /* Book.swift */,
				636EFE8E2385D61100499A02 /* Quiz.swift */,
				636EFE902385D69000499A02 /* Question.swift */,
			);
			path = Model;
			sourceTree = "<group>";
		};
		FE99FDE92392CB42007BA8D2 /* JsonLoader */ = {
			isa = PBXGroup;
			children = (
				63C2ACCE239A562F00C2437C /* AppData.swift */,
				A01B707D2392BFE70089B80A /* data.json */,
			);
			path = JsonLoader;
			sourceTree = "<group>";
		};
		FE99FDEA2392CBB3007BA8D2 /* CustomUI */ = {
			isa = PBXGroup;
			children = (
				A06D3B7A23914DDB00CF286A /* CustomButton.swift */,
				788DC18E23982A2D00340CF9 /* ProgressCircle.swift */,
				63D1302B2396A6C6008749FB /* CustomNavigationBar.swift */,
				A0ADC1932393F4C400E69AEE /* coverUIImageView.swift */,
				A0ADC1912393ECAD00E69AEE /* CustomProgressBar.swift */,
			);
			path = CustomUI;
			sourceTree = "<group>";
		};
/* End PBXGroup section */

/* Begin PBXNativeTarget section */
		63CA15EC237EDF6B008DBC88 /* study-quiz */ = {
			isa = PBXNativeTarget;
			buildConfigurationList = 63CA1601237EDF6F008DBC88 /* Build configuration list for PBXNativeTarget "study-quiz" */;
			buildPhases = (
				63CA15E9237EDF6B008DBC88 /* Sources */,
				63CA15EA237EDF6B008DBC88 /* Frameworks */,
				63CA15EB237EDF6B008DBC88 /* Resources */,
			);
			buildRules = (
			);
			dependencies = (
			);
			name = "study-quiz";
			productName = "study-quiz";
			productReference = 63CA15ED237EDF6B008DBC88 /* study-quiz.app */;
			productType = "com.apple.product-type.application";
		};
		7859D779239BEB9F00DB96D2 /* study-quizTests */ = {
			isa = PBXNativeTarget;
			buildConfigurationList = 7859D783239BEB9F00DB96D2 /* Build configuration list for PBXNativeTarget "study-quizTests" */;
			buildPhases = (
				7859D776239BEB9F00DB96D2 /* Sources */,
				7859D777239BEB9F00DB96D2 /* Frameworks */,
				7859D778239BEB9F00DB96D2 /* Resources */,
			);
			buildRules = (
			);
			dependencies = (
				7859D780239BEB9F00DB96D2 /* PBXTargetDependency */,
			);
			name = "study-quizTests";
			productName = "study-quizTests";
			productReference = 7859D77A239BEB9F00DB96D2 /* study-quizTests.xctest */;
			productType = "com.apple.product-type.bundle.unit-test";
		};
/* End PBXNativeTarget section */

/* Begin PBXProject section */
		63CA15E5237EDF6B008DBC88 /* Project object */ = {
			isa = PBXProject;
			attributes = {
				LastSwiftUpdateCheck = 1120;
				LastUpgradeCheck = 1110;
				ORGANIZATIONNAME = "David Bielenberg";
				TargetAttributes = {
					63CA15EC237EDF6B008DBC88 = {
						CreatedOnToolsVersion = 11.1;
					};
					7859D779239BEB9F00DB96D2 = {
						CreatedOnToolsVersion = 11.2.1;
						TestTargetID = 63CA15EC237EDF6B008DBC88;
					};
				};
			};
			buildConfigurationList = 63CA15E8237EDF6B008DBC88 /* Build configuration list for PBXProject "study-quiz" */;
			compatibilityVersion = "Xcode 9.3";
			developmentRegion = en;
			hasScannedForEncodings = 0;
			knownRegions = (
				en,
				Base,
			);
			mainGroup = 63CA15E4237EDF6B008DBC88;
			productRefGroup = 63CA15EE237EDF6B008DBC88 /* Products */;
			projectDirPath = "";
			projectRoot = "";
			targets = (
				63CA15EC237EDF6B008DBC88 /* study-quiz */,
				7859D779239BEB9F00DB96D2 /* study-quizTests */,
			);
		};
/* End PBXProject section */

/* Begin PBXResourcesBuildPhase section */
		63CA15EB237EDF6B008DBC88 /* Resources */ = {
			isa = PBXResourcesBuildPhase;
			buildActionMask = 2147483647;
			files = (
				6394B00A2383215300229B8B /* Profile.storyboard in Resources */,
				A01B707E2392BFE80089B80A /* data.json in Resources */,
				63CA15FD237EDF6F008DBC88 /* LaunchScreen.storyboard in Resources */,
				631C121823831E2D00101A67 /* Quiz.storyboard in Resources */,
				63CA15FA237EDF6F008DBC88 /* Assets.xcassets in Resources */,
				63CA15F8237EDF6B008DBC88 /* Main.storyboard in Resources */,
			);
			runOnlyForDeploymentPostprocessing = 0;
		};
		7859D778239BEB9F00DB96D2 /* Resources */ = {
			isa = PBXResourcesBuildPhase;
			buildActionMask = 2147483647;
			files = (
			);
			runOnlyForDeploymentPostprocessing = 0;
		};
/* End PBXResourcesBuildPhase section */

/* Begin PBXSourcesBuildPhase section */
		63CA15E9237EDF6B008DBC88 /* Sources */ = {
			isa = PBXSourcesBuildPhase;
			buildActionMask = 2147483647;
			files = (
				63CA161323800827008DBC88 /* Course.swift in Sources */,
				636EFE8F2385D61100499A02 /* Quiz.swift in Sources */,
				63CA15F1237EDF6B008DBC88 /* AppDelegate.swift in Sources */,
				A06D3B7B23914DDB00CF286A /* CustomButton.swift in Sources */,
				FE6B7AEE2392A52D001488DB /* QuizFeedbackViewController.swift in Sources */,
				FE6B7AEC2392A4B1001488DB /* QuestionFeedbackPopUpViewController.swift in Sources */,
				63184C9823816734004C2781 /* CourseViewController.swift in Sources */,
				A0ADC1922393ECAD00E69AEE /* CustomProgressBar.swift in Sources */,
				63C2ACD3239C0EDD00C2437C /* StartViewController.swift in Sources */,
				A0ADC1942393F4C400E69AEE /* coverUIImageView.swift in Sources */,
				63CA1609237F33C2008DBC88 /* Book.swift in Sources */,
				63CA1607237F314D008DBC88 /* BookViewController.swift in Sources */,
				63C2ACCF239A562F00C2437C /* AppData.swift in Sources */,
				788DC18F23982A2D00340CF9 /* ProgressCircle.swift in Sources */,
				63A3ED71238318CE000C8152 /* ProfileViewController.swift in Sources */,
				63D1302C2396A6C6008749FB /* CustomNavigationBar.swift in Sources */,
				636EFE912385D69000499A02 /* Question.swift in Sources */,
				63CA161123800471008DBC88 /* CoursesTableViewController.swift in Sources */,
				63CA1605237EEE7F008DBC88 /* QuestionViewController.swift in Sources */,
				63CA15F3237EDF6B008DBC88 /* SceneDelegate.swift in Sources */,
			);
			runOnlyForDeploymentPostprocessing = 0;
		};
		7859D776239BEB9F00DB96D2 /* Sources */ = {
			isa = PBXSourcesBuildPhase;
			buildActionMask = 2147483647;
			files = (
				7859D77D239BEB9F00DB96D2 /* study_quizTests.swift in Sources */,
			);
			runOnlyForDeploymentPostprocessing = 0;
		};
/* End PBXSourcesBuildPhase section */

/* Begin PBXTargetDependency section */
		7859D780239BEB9F00DB96D2 /* PBXTargetDependency */ = {
			isa = PBXTargetDependency;
			target = 63CA15EC237EDF6B008DBC88 /* study-quiz */;
			targetProxy = 7859D77F239BEB9F00DB96D2 /* PBXContainerItemProxy */;
		};
/* End PBXTargetDependency section */

/* Begin PBXVariantGroup section */
		63CA15F6237EDF6B008DBC88 /* Main.storyboard */ = {
			isa = PBXVariantGroup;
			children = (
				63CA15F7237EDF6B008DBC88 /* Base */,
			);
			name = Main.storyboard;
			sourceTree = "<group>";
		};
		63CA15FB237EDF6F008DBC88 /* LaunchScreen.storyboard */ = {
			isa = PBXVariantGroup;
			children = (
				63CA15FC237EDF6F008DBC88 /* Base */,
			);
			name = LaunchScreen.storyboard;
			sourceTree = "<group>";
		};
/* End PBXVariantGroup section */

/* Begin XCBuildConfiguration section */
		63CA15FF237EDF6F008DBC88 /* Debug */ = {
			isa = XCBuildConfiguration;
			buildSettings = {
				ALWAYS_SEARCH_USER_PATHS = NO;
				CLANG_ANALYZER_NONNULL = YES;
				CLANG_ANALYZER_NUMBER_OBJECT_CONVERSION = YES_AGGRESSIVE;
				CLANG_CXX_LANGUAGE_STANDARD = "gnu++14";
				CLANG_CXX_LIBRARY = "libc++";
				CLANG_ENABLE_MODULES = YES;
				CLANG_ENABLE_OBJC_ARC = YES;
				CLANG_ENABLE_OBJC_WEAK = YES;
				CLANG_WARN_BLOCK_CAPTURE_AUTORELEASING = YES;
				CLANG_WARN_BOOL_CONVERSION = YES;
				CLANG_WARN_COMMA = YES;
				CLANG_WARN_CONSTANT_CONVERSION = YES;
				CLANG_WARN_DEPRECATED_OBJC_IMPLEMENTATIONS = YES;
				CLANG_WARN_DIRECT_OBJC_ISA_USAGE = YES_ERROR;
				CLANG_WARN_DOCUMENTATION_COMMENTS = YES;
				CLANG_WARN_EMPTY_BODY = YES;
				CLANG_WARN_ENUM_CONVERSION = YES;
				CLANG_WARN_INFINITE_RECURSION = YES;
				CLANG_WARN_INT_CONVERSION = YES;
				CLANG_WARN_NON_LITERAL_NULL_CONVERSION = YES;
				CLANG_WARN_OBJC_IMPLICIT_RETAIN_SELF = YES;
				CLANG_WARN_OBJC_LITERAL_CONVERSION = YES;
				CLANG_WARN_OBJC_ROOT_CLASS = YES_ERROR;
				CLANG_WARN_RANGE_LOOP_ANALYSIS = YES;
				CLANG_WARN_STRICT_PROTOTYPES = YES;
				CLANG_WARN_SUSPICIOUS_MOVE = YES;
				CLANG_WARN_UNGUARDED_AVAILABILITY = YES_AGGRESSIVE;
				CLANG_WARN_UNREACHABLE_CODE = YES;
				CLANG_WARN__DUPLICATE_METHOD_MATCH = YES;
				COPY_PHASE_STRIP = NO;
				DEBUG_INFORMATION_FORMAT = dwarf;
				ENABLE_STRICT_OBJC_MSGSEND = YES;
				ENABLE_TESTABILITY = YES;
				GCC_C_LANGUAGE_STANDARD = gnu11;
				GCC_DYNAMIC_NO_PIC = NO;
				GCC_NO_COMMON_BLOCKS = YES;
				GCC_OPTIMIZATION_LEVEL = 0;
				GCC_PREPROCESSOR_DEFINITIONS = (
					"DEBUG=1",
					"$(inherited)",
				);
				GCC_WARN_64_TO_32_BIT_CONVERSION = YES;
				GCC_WARN_ABOUT_RETURN_TYPE = YES_ERROR;
				GCC_WARN_UNDECLARED_SELECTOR = YES;
				GCC_WARN_UNINITIALIZED_AUTOS = YES_AGGRESSIVE;
				GCC_WARN_UNUSED_FUNCTION = YES;
				GCC_WARN_UNUSED_VARIABLE = YES;
				IPHONEOS_DEPLOYMENT_TARGET = 13.1;
				MTL_ENABLE_DEBUG_INFO = INCLUDE_SOURCE;
				MTL_FAST_MATH = YES;
				ONLY_ACTIVE_ARCH = YES;
				SDKROOT = iphoneos;
				SWIFT_ACTIVE_COMPILATION_CONDITIONS = DEBUG;
				SWIFT_OPTIMIZATION_LEVEL = "-Onone";
			};
			name = Debug;
		};
		63CA1600237EDF6F008DBC88 /* Release */ = {
			isa = XCBuildConfiguration;
			buildSettings = {
				ALWAYS_SEARCH_USER_PATHS = NO;
				CLANG_ANALYZER_NONNULL = YES;
				CLANG_ANALYZER_NUMBER_OBJECT_CONVERSION = YES_AGGRESSIVE;
				CLANG_CXX_LANGUAGE_STANDARD = "gnu++14";
				CLANG_CXX_LIBRARY = "libc++";
				CLANG_ENABLE_MODULES = YES;
				CLANG_ENABLE_OBJC_ARC = YES;
				CLANG_ENABLE_OBJC_WEAK = YES;
				CLANG_WARN_BLOCK_CAPTURE_AUTORELEASING = YES;
				CLANG_WARN_BOOL_CONVERSION = YES;
				CLANG_WARN_COMMA = YES;
				CLANG_WARN_CONSTANT_CONVERSION = YES;
				CLANG_WARN_DEPRECATED_OBJC_IMPLEMENTATIONS = YES;
				CLANG_WARN_DIRECT_OBJC_ISA_USAGE = YES_ERROR;
				CLANG_WARN_DOCUMENTATION_COMMENTS = YES;
				CLANG_WARN_EMPTY_BODY = YES;
				CLANG_WARN_ENUM_CONVERSION = YES;
				CLANG_WARN_INFINITE_RECURSION = YES;
				CLANG_WARN_INT_CONVERSION = YES;
				CLANG_WARN_NON_LITERAL_NULL_CONVERSION = YES;
				CLANG_WARN_OBJC_IMPLICIT_RETAIN_SELF = YES;
				CLANG_WARN_OBJC_LITERAL_CONVERSION = YES;
				CLANG_WARN_OBJC_ROOT_CLASS = YES_ERROR;
				CLANG_WARN_RANGE_LOOP_ANALYSIS = YES;
				CLANG_WARN_STRICT_PROTOTYPES = YES;
				CLANG_WARN_SUSPICIOUS_MOVE = YES;
				CLANG_WARN_UNGUARDED_AVAILABILITY = YES_AGGRESSIVE;
				CLANG_WARN_UNREACHABLE_CODE = YES;
				CLANG_WARN__DUPLICATE_METHOD_MATCH = YES;
				COPY_PHASE_STRIP = NO;
				DEBUG_INFORMATION_FORMAT = "dwarf-with-dsym";
				ENABLE_NS_ASSERTIONS = NO;
				ENABLE_STRICT_OBJC_MSGSEND = YES;
				GCC_C_LANGUAGE_STANDARD = gnu11;
				GCC_NO_COMMON_BLOCKS = YES;
				GCC_WARN_64_TO_32_BIT_CONVERSION = YES;
				GCC_WARN_ABOUT_RETURN_TYPE = YES_ERROR;
				GCC_WARN_UNDECLARED_SELECTOR = YES;
				GCC_WARN_UNINITIALIZED_AUTOS = YES_AGGRESSIVE;
				GCC_WARN_UNUSED_FUNCTION = YES;
				GCC_WARN_UNUSED_VARIABLE = YES;
				IPHONEOS_DEPLOYMENT_TARGET = 13.1;
				MTL_ENABLE_DEBUG_INFO = NO;
				MTL_FAST_MATH = YES;
				SDKROOT = iphoneos;
				SWIFT_COMPILATION_MODE = wholemodule;
				SWIFT_OPTIMIZATION_LEVEL = "-O";
				VALIDATE_PRODUCT = YES;
			};
			name = Release;
		};
		63CA1602237EDF6F008DBC88 /* Debug */ = {
			isa = XCBuildConfiguration;
			buildSettings = {
				ASSETCATALOG_COMPILER_APPICON_NAME = AppIcon;
				CODE_SIGN_STYLE = Automatic;
				DEVELOPMENT_TEAM = 3F4NP3HX9L;
				INFOPLIST_FILE = "study-quiz/Info.plist";
				LD_RUNPATH_SEARCH_PATHS = (
					"$(inherited)",
					"@executable_path/Frameworks",
				);
				PRODUCT_BUNDLE_IDENTIFIER = "-47.study-quiz";
				PRODUCT_NAME = "$(TARGET_NAME)";
				SWIFT_VERSION = 5.0;
				TARGETED_DEVICE_FAMILY = "1,2";
			};
			name = Debug;
		};
		63CA1603237EDF6F008DBC88 /* Release */ = {
			isa = XCBuildConfiguration;
			buildSettings = {
				ASSETCATALOG_COMPILER_APPICON_NAME = AppIcon;
				CODE_SIGN_STYLE = Automatic;
				DEVELOPMENT_TEAM = 3F4NP3HX9L;
				INFOPLIST_FILE = "study-quiz/Info.plist";
				LD_RUNPATH_SEARCH_PATHS = (
					"$(inherited)",
					"@executable_path/Frameworks",
				);
				PRODUCT_BUNDLE_IDENTIFIER = "-47.study-quiz";
				PRODUCT_NAME = "$(TARGET_NAME)";
				SWIFT_VERSION = 5.0;
				TARGETED_DEVICE_FAMILY = "1,2";
			};
			name = Release;
		};
		7859D781239BEB9F00DB96D2 /* Debug */ = {
			isa = XCBuildConfiguration;
			buildSettings = {
				BUNDLE_LOADER = "$(TEST_HOST)";
				CODE_SIGN_STYLE = Automatic;
				INFOPLIST_FILE = "study-quizTests/Info.plist";
				IPHONEOS_DEPLOYMENT_TARGET = 13.1;
				LD_RUNPATH_SEARCH_PATHS = (
					"$(inherited)",
					"@executable_path/Frameworks",
					"@loader_path/Frameworks",
				);
				PRODUCT_BUNDLE_IDENTIFIER = "gevi19ou.study-quizTests";
				PRODUCT_NAME = "$(TARGET_NAME)";
				SWIFT_VERSION = 5.0;
				TARGETED_DEVICE_FAMILY = "1,2";
				TEST_HOST = "$(BUILT_PRODUCTS_DIR)/study-quiz.app/study-quiz";
			};
			name = Debug;
		};
		7859D782239BEB9F00DB96D2 /* Release */ = {
			isa = XCBuildConfiguration;
			buildSettings = {
				BUNDLE_LOADER = "$(TEST_HOST)";
				CODE_SIGN_STYLE = Automatic;
				INFOPLIST_FILE = "study-quizTests/Info.plist";
				IPHONEOS_DEPLOYMENT_TARGET = 13.1;
				LD_RUNPATH_SEARCH_PATHS = (
					"$(inherited)",
					"@executable_path/Frameworks",
					"@loader_path/Frameworks",
				);
				PRODUCT_BUNDLE_IDENTIFIER = "gevi19ou.study-quizTests";
				PRODUCT_NAME = "$(TARGET_NAME)";
				SWIFT_VERSION = 5.0;
				TARGETED_DEVICE_FAMILY = "1,2";
				TEST_HOST = "$(BUILT_PRODUCTS_DIR)/study-quiz.app/study-quiz";
			};
			name = Release;
		};
/* End XCBuildConfiguration section */

/* Begin XCConfigurationList section */
		63CA15E8237EDF6B008DBC88 /* Build configuration list for PBXProject "study-quiz" */ = {
			isa = XCConfigurationList;
			buildConfigurations = (
				63CA15FF237EDF6F008DBC88 /* Debug */,
				63CA1600237EDF6F008DBC88 /* Release */,
			);
			defaultConfigurationIsVisible = 0;
			defaultConfigurationName = Release;
		};
		63CA1601237EDF6F008DBC88 /* Build configuration list for PBXNativeTarget "study-quiz" */ = {
			isa = XCConfigurationList;
			buildConfigurations = (
				63CA1602237EDF6F008DBC88 /* Debug */,
				63CA1603237EDF6F008DBC88 /* Release */,
			);
			defaultConfigurationIsVisible = 0;
			defaultConfigurationName = Release;
		};
		7859D783239BEB9F00DB96D2 /* Build configuration list for PBXNativeTarget "study-quizTests" */ = {
			isa = XCConfigurationList;
			buildConfigurations = (
				7859D781239BEB9F00DB96D2 /* Debug */,
				7859D782239BEB9F00DB96D2 /* Release */,
			);
			defaultConfigurationIsVisible = 0;
			defaultConfigurationName = Release;
		};
/* End XCConfigurationList section */
	};
	rootObject = 63CA15E5237EDF6B008DBC88 /* Project object */;
}
